
Microsoft Visual Studio Solution File, Format Version 12.00
# Visual Studio Version 16
VisualStudioVersion = 16.0.31105.61
MinimumVisualStudioVersion = 10.0.40219.1
Project("{9A19103F-16F7-4668-BE54-9A1E7A4F7556}") = "EightBall.Data", "EightBall.Data\EightBall.Data.csproj", "{03626C34-FB6E-4307-802E-7D87683D58C7}"
EndProject
Project("{9A19103F-16F7-4668-BE54-9A1E7A4F7556}") = "EightBall.Service", "EightBall.Service\EightBall.Service.csproj", "{1CA332BB-A434-4953-A759-F1AF4EFD375A}"
EndProject
Project("{9A19103F-16F7-4668-BE54-9A1E7A4F7556}") = "EightBall.Shared", "EightBall.Shared\EightBall.Shared.csproj", "{966A0569-1140-46B9-9746-59D993431C70}"
EndProject
Project("{FAE04EC0-301F-11D3-BF4B-00C04F79EFBC}") = "EightBall.MVC", "EightBall.MVC\EightBall.MVC.csproj", "{866A0396-533B-4368-BBA1-9900A524B169}"
EndProject
Global
	GlobalSection(SolutionConfigurationPlatforms) = preSolution
		Debug|Any CPU = Debug|Any CPU
		Release|Any CPU = Release|Any CPU
	EndGlobalSection
	GlobalSection(ProjectConfigurationPlatforms) = postSolution
		{03626C34-FB6E-4307-802E-7D87683D58C7}.Debug|Any CPU.ActiveCfg = Debug|Any CPU
		{03626C34-FB6E-4307-802E-7D87683D58C7}.Debug|Any CPU.Build.0 = Debug|Any CPU
		{03626C34-FB6E-4307-802E-7D87683D58C7}.Release|Any CPU.ActiveCfg = Release|Any CPU
		{03626C34-FB6E-4307-802E-7D87683D58C7}.Release|Any CPU.Build.0 = Release|Any CPU
		{1CA332BB-A434-4953-A759-F1AF4EFD375A}.Debug|Any CPU.ActiveCfg = Debug|Any CPU
		{1CA332BB-A434-4953-A759-F1AF4EFD375A}.Debug|Any CPU.Build.0 = Debug|Any CPU
		{1CA332BB-A434-4953-A759-F1AF4EFD375A}.Release|Any CPU.ActiveCfg = Release|Any CPU
		{1CA332BB-A434-4953-A759-F1AF4EFD375A}.Release|Any CPU.Build.0 = Release|Any CPU
		{966A0569-1140-46B9-9746-59D993431C70}.Debug|Any CPU.ActiveCfg = Debug|Any CPU
		{966A0569-1140-46B9-9746-59D993431C70}.Debug|Any CPU.Build.0 = Debug|Any CPU
		{966A0569-1140-46B9-9746-59D993431C70}.Release|Any CPU.ActiveCfg = Release|Any CPU
		{966A0569-1140-46B9-9746-59D993431C70}.Release|Any CPU.Build.0 = Release|Any CPU
		{866A0396-533B-4368-BBA1-9900A524B169}.Debug|Any CPU.ActiveCfg = Debug|Any CPU
		{866A0396-533B-4368-BBA1-9900A524B169}.Debug|Any CPU.Build.0 = Debug|Any CPU
		{866A0396-533B-4368-BBA1-9900A524B169}.Release|Any CPU.ActiveCfg = Release|Any CPU
		{866A0396-533B-4368-BBA1-9900A524B169}.Release|Any CPU.Build.0 = Release|Any CPU
	EndGlobalSection
	GlobalSection(SolutionProperties) = preSolution
		HideSolutionNode = FALSE
	EndGlobalSection
	GlobalSection(ExtensibilityGlobals) = postSolution
		SolutionGuid = {C89AD5D0-21AB-4F02-A301-048B5BD6B2B9}
	EndGlobalSection
EndGlobal
